// !$*UTF8*$!
{
	archiveVersion = 1;
	classes = {
	};
	objectVersion = 55;
	objects = {

/* Begin PBXBuildFile section */
		752F5A8928B33B6D008F7A96 /* AppDelegate.swift in Sources */ = {isa = PBXBuildFile; fileRef = 752F5A8828B33B6D008F7A96 /* AppDelegate.swift */; };
		752F5A8B28B33B6D008F7A96 /* SceneDelegate.swift in Sources */ = {isa = PBXBuildFile; fileRef = 752F5A8A28B33B6D008F7A96 /* SceneDelegate.swift */; };
		752F5A8D28B33B6D008F7A96 /* ViewController.swift in Sources */ = {isa = PBXBuildFile; fileRef = 752F5A8C28B33B6D008F7A96 /* ViewController.swift */; };
		752F5A9028B33B6D008F7A96 /* Main.storyboard in Resources */ = {isa = PBXBuildFile; fileRef = 752F5A8E28B33B6D008F7A96 /* Main.storyboard */; };
		752F5A9228B33B6E008F7A96 /* Assets.xcassets in Resources */ = {isa = PBXBuildFile; fileRef = 752F5A9128B33B6E008F7A96 /* Assets.xcassets */; };
		752F5A9528B33B6E008F7A96 /* LaunchScreen.storyboard in Resources */ = {isa = PBXBuildFile; fileRef = 752F5A9328B33B6E008F7A96 /* LaunchScreen.storyboard */; };
		752F5AA028B33B6E008F7A96 /* preworkTests.swift in Sources */ = {isa = PBXBuildFile; fileRef = 752F5A9F28B33B6E008F7A96 /* preworkTests.swift */; };
		752F5AAA28B33B6E008F7A96 /* preworkUITests.swift in Sources */ = {isa = PBXBuildFile; fileRef = 752F5AA928B33B6E008F7A96 /* preworkUITests.swift */; };
		752F5AAC28B33B6E008F7A96 /* preworkUITestsLaunchTests.swift in Sources */ = {isa = PBXBuildFile; fileRef = 752F5AAB28B33B6E008F7A96 /* preworkUITestsLaunchTests.swift */; };
/* End PBXBuildFile section */

/* Begin PBXContainerItemProxy section */
		752F5A9C28B33B6E008F7A96 /* PBXContainerItemProxy */ = {
			isa = PBXContainerItemProxy;
			containerPortal = 752F5A7D28B33B6D008F7A96 /* Project object */;
			proxyType = 1;
			remoteGlobalIDString = 752F5A8428B33B6D008F7A96;
			remoteInfo = prework;
		};
		752F5AA628B33B6E008F7A96 /* PBXContainerItemProxy */ = {
			isa = PBXContainerItemProxy;
			containerPortal = 752F5A7D28B33B6D008F7A96 /* Project object */;
			proxyType = 1;
			remoteGlobalIDString = 752F5A8428B33B6D008F7A96;
			remoteInfo = prework;
		};
/* End PBXContainerItemProxy section */

/* Begin PBXFileReference section */
		752F5A8528B33B6D008F7A96 /* prework.app */ = {isa = PBXFileReference; explicitFileType = wrapper.application; includeInIndex = 0; path = prework.app; sourceTree = BUILT_PRODUCTS_DIR; };
		752F5A8828B33B6D008F7A96 /* AppDelegate.swift */ = {isa = PBXFileReference; lastKnownFileType = sourcecode.swift; path = AppDelegate.swift; sourceTree = "<group>"; };
		752F5A8A28B33B6D008F7A96 /* SceneDelegate.swift */ = {isa = PBXFileReference; lastKnownFileType = sourcecode.swift; path = SceneDelegate.swift; sourceTree = "<group>"; };
		752F5A8C28B33B6D008F7A96 /* ViewController.swift */ = {isa = PBXFileReference; lastKnownFileType = sourcecode.swift; path = ViewController.swift; sourceTree = "<group>"; };
		752F5A8F28B33B6D008F7A96 /* Base */ = {isa = PBXFileReference; lastKnownFileType = file.storyboard; name = Base; path = Base.lproj/Main.storyboard; sourceTree = "<group>"; };
		752F5A9128B33B6E008F7A96 /* Assets.xcassets */ = {isa = PBXFileReference; lastKnownFileType = folder.assetcatalog; path = Assets.xcassets; sourceTree = "<group>"; };
		752F5A9428B33B6E008F7A96 /* Base */ = {isa = PBXFileReference; lastKnownFileType = file.storyboard; name = Base; path = Base.lproj/LaunchScreen.storyboard; sourceTree = "<group>"; };
		752F5A9628B33B6E008F7A96 /* Info.plist */ = {isa = PBXFileReference; lastKnownFileType = text.plist.xml; path = Info.plist; sourceTree = "<group>"; };
		752F5A9B28B33B6E008F7A96 /* preworkTests.xctest */ = {isa = PBXFileReference; explicitFileType = wrapper.cfbundle; includeInIndex = 0; path = preworkTests.xctest; sourceTree = BUILT_PRODUCTS_DIR; };
		752F5A9F28B33B6E008F7A96 /* preworkTests.swift */ = {isa = PBXFileReference; lastKnownFileType = sourcecode.swift; path = preworkTests.swift; sourceTree = "<group>"; };
		752F5AA528B33B6E008F7A96 /* preworkUITests.xctest */ = {isa = PBXFileReference; explicitFileType = wrapper.cfbundle; includeInIndex = 0; path = preworkUITests.xctest; sourceTree = BUILT_PRODUCTS_DIR; };
		752F5AA928B33B6E008F7A96 /* preworkUITests.swift */ = {isa = PBXFileReference; lastKnownFileType = sourcecode.swift; path = preworkUITests.swift; sourceTree = "<group>"; };
		752F5AAB28B33B6E008F7A96 /* preworkUITestsLaunchTests.swift */ = {isa = PBXFileReference; lastKnownFileType = sourcecode.swift; path = preworkUITestsLaunchTests.swift; sourceTree = "<group>"; };
/* End PBXFileReference section */

/* Begin PBXFrameworksBuildPhase section */
		752F5A8228B33B6D008F7A96 /* Frameworks */ = {
			isa = PBXFrameworksBuildPhase;
			buildActionMask = 2147483647;
			files = (
			);
			runOnlyForDeploymentPostprocessing = 0;
		};
		752F5A9828B33B6E008F7A96 /* Frameworks */ = {
			isa = PBXFrameworksBuildPhase;
			buildActionMask = 2147483647;
			files = (
			);
			runOnlyForDeploymentPostprocessing = 0;
		};
		752F5AA228B33B6E008F7A96 /* Frameworks */ = {
			isa = PBXFrameworksBuildPhase;
			buildActionMask = 2147483647;
			files = (
			);
			runOnlyForDeploymentPostprocessing = 0;
		};
/* End PBXFrameworksBuildPhase section */

/* Begin PBXGroup section */
		752F5A7C28B33B6D008F7A96 = {
			isa = PBXGroup;
			children = (
				752F5A8728B33B6D008F7A96 /* prework */,
				752F5A9E28B33B6E008F7A96 /* preworkTests */,
				752F5AA828B33B6E008F7A96 /* preworkUITests */,
				752F5A8628B33B6D008F7A96 /* Products */,
			);
			sourceTree = "<group>";
		};
		752F5A8628B33B6D008F7A96 /* Products */ = {
			isa = PBXGroup;
			children = (
				752F5A8528B33B6D008F7A96 /* prework.app */,
				752F5A9B28B33B6E008F7A96 /* preworkTests.xctest */,
				752F5AA528B33B6E008F7A96 /* preworkUITests.xctest */,
			);
			name = Products;
			sourceTree = "<group>";
		};
		752F5A8728B33B6D008F7A96 /* prework */ = {
			isa = PBXGroup;
			children = (
				752F5A8828B33B6D008F7A96 /* AppDelegate.swift */,
				752F5A8A28B33B6D008F7A96 /* SceneDelegate.swift */,
				752F5A8C28B33B6D008F7A96 /* ViewController.swift */,
				752F5A8E28B33B6D008F7A96 /* Main.storyboard */,
				752F5A9128B33B6E008F7A96 /* Assets.xcassets */,
				752F5A9328B33B6E008F7A96 /* LaunchScreen.storyboard */,
				752F5A9628B33B6E008F7A96 /* Info.plist */,
			);
			path = prework;
			sourceTree = "<group>";
		};
		752F5A9E28B33B6E008F7A96 /* preworkTests */ = {
			isa = PBXGroup;
			children = (
				752F5A9F28B33B6E008F7A96 /* preworkTests.swift */,
			);
			path = preworkTests;
			sourceTree = "<group>";
		};
		752F5AA828B33B6E008F7A96 /* preworkUITests */ = {
			isa = PBXGroup;
			children = (
				752F5AA928B33B6E008F7A96 /* preworkUITests.swift */,
				752F5AAB28B33B6E008F7A96 /* preworkUITestsLaunchTests.swift */,
			);
			path = preworkUITests;
			sourceTree = "<group>";
		};
/* End PBXGroup section */

/* Begin PBXNativeTarget section */
		752F5A8428B33B6D008F7A96 /* prework */ = {
			isa = PBXNativeTarget;
			buildConfigurationList = 752F5AAF28B33B6E008F7A96 /* Build configuration list for PBXNativeTarget "prework" */;
			buildPhases = (
				752F5A8128B33B6D008F7A96 /* Sources */,
				752F5A8228B33B6D008F7A96 /* Frameworks */,
				752F5A8328B33B6D008F7A96 /* Resources */,
			);
			buildRules = (
			);
			dependencies = (
			);
			name = prework;
			productName = prework;
			productReference = 752F5A8528B33B6D008F7A96 /* prework.app */;
			productType = "com.apple.product-type.application";
		};
		752F5A9A28B33B6E008F7A96 /* preworkTests */ = {
			isa = PBXNativeTarget;
			buildConfigurationList = 752F5AB228B33B6E008F7A96 /* Build configuration list for PBXNativeTarget "preworkTests" */;
			buildPhases = (
				752F5A9728B33B6E008F7A96 /* Sources */,
				752F5A9828B33B6E008F7A96 /* Frameworks */,
				752F5A9928B33B6E008F7A96 /* Resources */,
			);
			buildRules = (
			);
			dependencies = (
				752F5A9D28B33B6E008F7A96 /* PBXTargetDependency */,
			);
			name = preworkTests;
			productName = preworkTests;
			productReference = 752F5A9B28B33B6E008F7A96 /* preworkTests.xctest */;
			productType = "com.apple.product-type.bundle.unit-test";
		};
		752F5AA428B33B6E008F7A96 /* preworkUITests */ = {
			isa = PBXNativeTarget;
			buildConfigurationList = 752F5AB528B33B6E008F7A96 /* Build configuration list for PBXNativeTarget "preworkUITests" */;
			buildPhases = (
				752F5AA128B33B6E008F7A96 /* Sources */,
				752F5AA228B33B6E008F7A96 /* Frameworks */,
				752F5AA328B33B6E008F7A96 /* Resources */,
			);
			buildRules = (
			);
			dependencies = (
				752F5AA728B33B6E008F7A96 /* PBXTargetDependency */,
			);
			name = preworkUITests;
			productName = preworkUITests;
			productReference = 752F5AA528B33B6E008F7A96 /* preworkUITests.xctest */;
			productType = "com.apple.product-type.bundle.ui-testing";
		};
/* End PBXNativeTarget section */

/* Begin PBXProject section */
		752F5A7D28B33B6D008F7A96 /* Project object */ = {
			isa = PBXProject;
			attributes = {
				BuildIndependentTargetsInParallel = 1;
				LastSwiftUpdateCheck = 1340;
				LastUpgradeCheck = 1340;
				TargetAttributes = {
					752F5A8428B33B6D008F7A96 = {
						CreatedOnToolsVersion = 13.4.1;
					};
					752F5A9A28B33B6E008F7A96 = {
						CreatedOnToolsVersion = 13.4.1;
						TestTargetID = 752F5A8428B33B6D008F7A96;
					};
					752F5AA428B33B6E008F7A96 = {
						CreatedOnToolsVersion = 13.4.1;
						TestTargetID = 752F5A8428B33B6D008F7A96;
					};
				};
			};
			buildConfigurationList = 752F5A8028B33B6D008F7A96 /* Build configuration list for PBXProject "prework" */;
			compatibilityVersion = "Xcode 13.0";
			developmentRegion = en;
			hasScannedForEncodings = 0;
			knownRegions = (
				en,
				Base,
			);
			mainGroup = 752F5A7C28B33B6D008F7A96;
			productRefGroup = 752F5A8628B33B6D008F7A96 /* Products */;
			projectDirPath = "";
			projectRoot = "";
			targets = (
				752F5A8428B33B6D008F7A96 /* prework */,
				752F5A9A28B33B6E008F7A96 /* preworkTests */,
				752F5AA428B33B6E008F7A96 /* preworkUITests */,
			);
		};
/* End PBXProject section */

/* Begin PBXResourcesBuildPhase section */
		752F5A8328B33B6D008F7A96 /* Resources */ = {
			isa = PBXResourcesBuildPhase;
			buildActionMask = 2147483647;
			files = (
				752F5A9528B33B6E008F7A96 /* LaunchScreen.storyboard in Resources */,
				752F5A9228B33B6E008F7A96 /* Assets.xcassets in Resources */,
				752F5A9028B33B6D008F7A96 /* Main.storyboard in Resources */,
			);
			runOnlyForDeploymentPostprocessing = 0;
		};
		752F5A9928B33B6E008F7A96 /* Resources */ = {
			isa = PBXResourcesBuildPhase;
			buildActionMask = 2147483647;
			files = (
			);
			runOnlyForDeploymentPostprocessing = 0;
		};
		752F5AA328B33B6E008F7A96 /* Resources */ = {
			isa = PBXResourcesBuildPhase;
			buildActionMask = 2147483647;
			files = (
			);
			runOnlyForDeploymentPostprocessing = 0;
		};
/* End PBXResourcesBuildPhase section */

/* Begin PBXSourcesBuildPhase section */
		752F5A8128B33B6D008F7A96 /* Sources */ = {
			isa = PBXSourcesBuildPhase;
			buildActionMask = 2147483647;
			files = (
				752F5A8D28B33B6D008F7A96 /* ViewController.swift in Sources */,
				752F5A8928B33B6D008F7A96 /* AppDelegate.swift in Sources */,
				752F5A8B28B33B6D008F7A96 /* SceneDelegate.swift in Sources */,
			);
			runOnlyForDeploymentPostprocessing = 0;
		};
		752F5A9728B33B6E008F7A96 /* Sources */ = {
			isa = PBXSourcesBuildPhase;
			buildActionMask = 2147483647;
			files = (
				752F5AA028B33B6E008F7A96 /* preworkTests.swift in Sources */,
			);
			runOnlyForDeploymentPostprocessing = 0;
		};
		752F5AA128B33B6E008F7A96 /* Sources */ = {
			isa = PBXSourcesBuildPhase;
			buildActionMask = 2147483647;
			files = (
				752F5AAA28B33B6E008F7A96 /* preworkUITests.swift in Sources */,
				752F5AAC28B33B6E008F7A96 /* preworkUITestsLaunchTests.swift in Sources */,
			);
			runOnlyForDeploymentPostprocessing = 0;
		};
/* End PBXSourcesBuildPhase section */

/* Begin PBXTargetDependency section */
		752F5A9D28B33B6E008F7A96 /* PBXTargetDependency */ = {
			isa = PBXTargetDependency;
			target = 752F5A8428B33B6D008F7A96 /* prework */;
			targetProxy = 752F5A9C28B33B6E008F7A96 /* PBXContainerItemProxy */;
		};
		752F5AA728B33B6E008F7A96 /* PBXTargetDependency */ = {
			isa = PBXTargetDependency;
			target = 752F5A8428B33B6D008F7A96 /* prework */;
			targetProxy = 752F5AA628B33B6E008F7A96 /* PBXContainerItemProxy */;
		};
/* End PBXTargetDependency section */

/* Begin PBXVariantGroup section */
		752F5A8E28B33B6D008F7A96 /* Main.storyboard */ = {
			isa = PBXVariantGroup;
			children = (
				752F5A8F28B33B6D008F7A96 /* Base */,
			);
			name = Main.storyboard;
			sourceTree = "<group>";
		};
		752F5A9328B33B6E008F7A96 /* LaunchScreen.storyboard */ = {
			isa = PBXVariantGroup;
			children = (
				752F5A9428B33B6E008F7A96 /* Base */,
			);
			name = LaunchScreen.storyboard;
			sourceTree = "<group>";
		};
/* End PBXVariantGroup section */

/* Begin XCBuildConfiguration section */
		752F5AAD28B33B6E008F7A96 /* Debug */ = {
			isa = XCBuildConfiguration;
			buildSettings = {
				ALWAYS_SEARCH_USER_PATHS = NO;
				CLANG_ANALYZER_NONNULL = YES;
				CLANG_ANALYZER_NUMBER_OBJECT_CONVERSION = YES_AGGRESSIVE;
				CLANG_CXX_LANGUAGE_STANDARD = "gnu++17";
				CLANG_ENABLE_MODULES = YES;
				CLANG_ENABLE_OBJC_ARC = YES;
				CLANG_ENABLE_OBJC_WEAK = YES;
				CLANG_WARN_BLOCK_CAPTURE_AUTORELEASING = YES;
				CLANG_WARN_BOOL_CONVERSION = YES;
				CLANG_WARN_COMMA = YES;
				CLANG_WARN_CONSTANT_CONVERSION = YES;
				CLANG_WARN_DEPRECATED_OBJC_IMPLEMENTATIONS = YES;
				CLANG_WARN_DIRECT_OBJC_ISA_USAGE = YES_ERROR;
				CLANG_WARN_DOCUMENTATION_COMMENTS = YES;
				CLANG_WARN_EMPTY_BODY = YES;
				CLANG_WARN_ENUM_CONVERSION = YES;
				CLANG_WARN_INFINITE_RECURSION = YES;
				CLANG_WARN_INT_CONVERSION = YES;
				CLANG_WARN_NON_LITERAL_NULL_CONVERSION = YES;
				CLANG_WARN_OBJC_IMPLICIT_RETAIN_SELF = YES;
				CLANG_WARN_OBJC_LITERAL_CONVERSION = YES;
				CLANG_WARN_OBJC_ROOT_CLASS = YES_ERROR;
				CLANG_WARN_QUOTED_INCLUDE_IN_FRAMEWORK_HEADER = YES;
				CLANG_WARN_RANGE_LOOP_ANALYSIS = YES;
				CLANG_WARN_STRICT_PROTOTYPES = YES;
				CLANG_WARN_SUSPICIOUS_MOVE = YES;
				CLANG_WARN_UNGUARDED_AVAILABILITY = YES_AGGRESSIVE;
				CLANG_WARN_UNREACHABLE_CODE = YES;
				CLANG_WARN__DUPLICATE_METHOD_MATCH = YES;
				COPY_PHASE_STRIP = NO;
				DEBUG_INFORMATION_FORMAT = dwarf;
				ENABLE_STRICT_OBJC_MSGSEND = YES;
				ENABLE_TESTABILITY = YES;
				GCC_C_LANGUAGE_STANDARD = gnu11;
				GCC_DYNAMIC_NO_PIC = NO;
				GCC_NO_COMMON_BLOCKS = YES;
				GCC_OPTIMIZATION_LEVEL = 0;
				GCC_PREPROCESSOR_DEFINITIONS = (
					"DEBUG=1",
					"$(inherited)",
				);
				GCC_WARN_64_TO_32_BIT_CONVERSION = YES;
				GCC_WARN_ABOUT_RETURN_TYPE = YES_ERROR;
				GCC_WARN_UNDECLARED_SELECTOR = YES;
				GCC_WARN_UNINITIALIZED_AUTOS = YES_AGGRESSIVE;
				GCC_WARN_UNUSED_FUNCTION = YES;
				GCC_WARN_UNUSED_VARIABLE = YES;
				IPHONEOS_DEPLOYMENT_TARGET = 15.5;
				MTL_ENABLE_DEBUG_INFO = INCLUDE_SOURCE;
				MTL_FAST_MATH = YES;
				ONLY_ACTIVE_ARCH = YES;
				SDKROOT = iphoneos;
				SWIFT_ACTIVE_COMPILATION_CONDITIONS = DEBUG;
				SWIFT_OPTIMIZATION_LEVEL = "-Onone";
			};
			name = Debug;
		};
		752F5AAE28B33B6E008F7A96 /* Release */ = {
			isa = XCBuildConfiguration;
			buildSettings = {
				ALWAYS_SEARCH_USER_PATHS = NO;
				CLANG_ANALYZER_NONNULL = YES;
				CLANG_ANALYZER_NUMBER_OBJECT_CONVERSION = YES_AGGRESSIVE;
				CLANG_CXX_LANGUAGE_STANDARD = "gnu++17";
				CLANG_ENABLE_MODULES = YES;
				CLANG_ENABLE_OBJC_ARC = YES;
				CLANG_ENABLE_OBJC_WEAK = YES;
				CLANG_WARN_BLOCK_CAPTURE_AUTORELEASING = YES;
				CLANG_WARN_BOOL_CONVERSION = YES;
				CLANG_WARN_COMMA = YES;
				CLANG_WARN_CONSTANT_CONVERSION = YES;
				CLANG_WARN_DEPRECATED_OBJC_IMPLEMENTATIONS = YES;
				CLANG_WARN_DIRECT_OBJC_ISA_USAGE = YES_ERROR;
				CLANG_WARN_DOCUMENTATION_COMMENTS = YES;
				CLANG_WARN_EMPTY_BODY = YES;
				CLANG_WARN_ENUM_CONVERSION = YES;
				CLANG_WARN_INFINITE_RECURSION = YES;
				CLANG_WARN_INT_CONVERSION = YES;
				CLANG_WARN_NON_LITERAL_NULL_CONVERSION = YES;
				CLANG_WARN_OBJC_IMPLICIT_RETAIN_SELF = YES;
				CLANG_WARN_OBJC_LITERAL_CONVERSION = YES;
				CLANG_WARN_OBJC_ROOT_CLASS = YES_ERROR;
				CLANG_WARN_QUOTED_INCLUDE_IN_FRAMEWORK_HEADER = YES;
				CLANG_WARN_RANGE_LOOP_ANALYSIS = YES;
				CLANG_WARN_STRICT_PROTOTYPES = YES;
				CLANG_WARN_SUSPICIOUS_MOVE = YES;
				CLANG_WARN_UNGUARDED_AVAILABILITY = YES_AGGRESSIVE;
				CLANG_WARN_UNREACHABLE_CODE = YES;
				CLANG_WARN__DUPLICATE_METHOD_MATCH = YES;
				COPY_PHASE_STRIP = NO;
				DEBUG_INFORMATION_FORMAT = "dwarf-with-dsym";
				ENABLE_NS_ASSERTIONS = NO;
				ENABLE_STRICT_OBJC_MSGSEND = YES;
				GCC_C_LANGUAGE_STANDARD = gnu11;
				GCC_NO_COMMON_BLOCKS = YES;
				GCC_WARN_64_TO_32_BIT_CONVERSION = YES;
				GCC_WARN_ABOUT_RETURN_TYPE = YES_ERROR;
				GCC_WARN_UNDECLARED_SELECTOR = YES;
				GCC_WARN_UNINITIALIZED_AUTOS = YES_AGGRESSIVE;
				GCC_WARN_UNUSED_FUNCTION = YES;
				GCC_WARN_UNUSED_VARIABLE = YES;
				IPHONEOS_DEPLOYMENT_TARGET = 15.5;
				MTL_ENABLE_DEBUG_INFO = NO;
				MTL_FAST_MATH = YES;
				SDKROOT = iphoneos;
				SWIFT_COMPILATION_MODE = wholemodule;
				SWIFT_OPTIMIZATION_LEVEL = "-O";
				VALIDATE_PRODUCT = YES;
			};
			name = Release;
		};
		752F5AB028B33B6E008F7A96 /* Debug */ = {
			isa = XCBuildConfiguration;
			buildSettings = {
				ASSETCATALOG_COMPILER_APPICON_NAME = AppIcon;
				ASSETCATALOG_COMPILER_GLOBAL_ACCENT_COLOR_NAME = AccentColor;
				CODE_SIGN_STYLE = Automatic;
				CURRENT_PROJECT_VERSION = 1;
				DEVELOPMENT_TEAM = 3QP2G62A6X;
				GENERATE_INFOPLIST_FILE = YES;
				INFOPLIST_FILE = prework/Info.plist;
				INFOPLIST_KEY_UIApplicationSupportsIndirectInputEvents = YES;
				INFOPLIST_KEY_UILaunchStoryboardName = LaunchScreen;
				INFOPLIST_KEY_UIMainStoryboardFile = Main;
				INFOPLIST_KEY_UISupportedInterfaceOrientations_iPad = "UIInterfaceOrientationPortrait UIInterfaceOrientationPortraitUpsideDown UIInterfaceOrientationLandscapeLeft UIInterfaceOrientationLandscapeRight";
				INFOPLIST_KEY_UISupportedInterfaceOrientations_iPhone = "UIInterfaceOrientationPortrait UIInterfaceOrientationLandscapeLeft UIInterfaceOrientationLandscapeRight";
				LD_RUNPATH_SEARCH_PATHS = (
					"$(inherited)",
					"@executable_path/Frameworks",
				);
				MARKETING_VERSION = 1.0;
				PRODUCT_BUNDLE_IDENTIFIER = memo.com.preworkseean;
				PRODUCT_NAME = "$(TARGET_NAME)";
				SWIFT_EMIT_LOC_STRINGS = YES;
				SWIFT_VERSION = 5.0;
				TARGETED_DEVICE_FAMILY = "1,2";
			};
			name = Debug;
		};
		752F5AB128B33B6E008F7A96 /* Release */ = {
			isa = XCBuildConfiguration;
			buildSettings = {
				ASSETCATALOG_COMPILER_APPICON_NAME = AppIcon;
				ASSETCATALOG_COMPILER_GLOBAL_ACCENT_COLOR_NAME = AccentColor;
				CODE_SIGN_STYLE = Automatic;
				CURRENT_PROJECT_VERSION = 1;
				DEVELOPMENT_TEAM = 3QP2G62A6X;
				GENERATE_INFOPLIST_FILE = YES;
				INFOPLIST_FILE = prework/Info.plist;
				INFOPLIST_KEY_UIApplicationSupportsIndirectInputEvents = YES;
				INFOPLIST_KEY_UILaunchStoryboardName = LaunchScreen;
				INFOPLIST_KEY_UIMainStoryboardFile = Main;
				INFOPLIST_KEY_UISupportedInterfaceOrientations_iPad = "UIInterfaceOrientationPortrait UIInterfaceOrientationPortraitUpsideDown UIInterfaceOrientationLandscapeLeft UIInterfaceOrientationLandscapeRight";
				INFOPLIST_KEY_UISupportedInterfaceOrientations_iPhone = "UIInterfaceOrientationPortrait UIInterfaceOrientationLandscapeLeft UIInterfaceOrientationLandscapeRight";
				LD_RUNPATH_SEARCH_PATHS = (
					"$(inherited)",
					"@executable_path/Frameworks",
				);
				MARKETING_VERSION = 1.0;
				PRODUCT_BUNDLE_IDENTIFIER = memo.com.preworkseean;
				PRODUCT_NAME = "$(TARGET_NAME)";
				SWIFT_EMIT_LOC_STRINGS = YES;
				SWIFT_VERSION = 5.0;
				TARGETED_DEVICE_FAMILY = "1,2";
			};
			name = Release;
		};
		752F5AB328B33B6E008F7A96 /* Debug */ = {
			isa = XCBuildConfiguration;
			buildSettings = {
				ALWAYS_EMBED_SWIFT_STANDARD_LIBRARIES = YES;
				BUNDLE_LOADER = "$(TEST_HOST)";
				CODE_SIGN_STYLE = Automatic;
				CURRENT_PROJECT_VERSION = 1;
				GENERATE_INFOPLIST_FILE = YES;
				IPHONEOS_DEPLOYMENT_TARGET = 15.5;
				MARKETING_VERSION = 1.0;
				PRODUCT_BUNDLE_IDENTIFIER = memo.com.preworkTests;
				PRODUCT_NAME = "$(TARGET_NAME)";
				SWIFT_EMIT_LOC_STRINGS = NO;
				SWIFT_VERSION = 5.0;
				TARGETED_DEVICE_FAMILY = "1,2";
				TEST_HOST = "$(BUILT_PRODUCTS_DIR)/prework.app/prework";
			};
			name = Debug;
		};
		752F5AB428B33B6E008F7A96 /* Release */ = {
			isa = XCBuildConfiguration;
			buildSettings = {
				ALWAYS_EMBED_SWIFT_STANDARD_LIBRARIES = YES;
				BUNDLE_LOADER = "$(TEST_HOST)";
				CODE_SIGN_STYLE = Automatic;
				CURRENT_PROJECT_VERSION = 1;
				GENERATE_INFOPLIST_FILE = YES;
				IPHONEOS_DEPLOYMENT_TARGET = 15.5;
				MARKETING_VERSION = 1.0;
				PRODUCT_BUNDLE_IDENTIFIER = memo.com.preworkTests;
				PRODUCT_NAME = "$(TARGET_NAME)";
				SWIFT_EMIT_LOC_STRINGS = NO;
				SWIFT_VERSION = 5.0;
				TARGETED_DEVICE_FAMILY = "1,2";
				TEST_HOST = "$(BUILT_PRODUCTS_DIR)/prework.app/prework";
			};
			name = Release;
		};
		752F5AB628B33B6E008F7A96 /* Debug */ = {
			isa = XCBuildConfiguration;
			buildSettings = {
				ALWAYS_EMBED_SWIFT_STANDARD_LIBRARIES = YES;
				CODE_SIGN_STYLE = Automatic;
				CURRENT_PROJECT_VERSION = 1;
				GENERATE_INFOPLIST_FILE = YES;
				MARKETING_VERSION = 1.0;
				PRODUCT_BUNDLE_IDENTIFIER = memo.com.preworkUITests;
				PRODUCT_NAME = "$(TARGET_NAME)";
				SWIFT_EMIT_LOC_STRINGS = NO;
				SWIFT_VERSION = 5.0;
				TARGETED_DEVICE_FAMILY = "1,2";
				TEST_TARGET_NAME = prework;
			};
			name = Debug;
		};
		752F5AB728B33B6E008F7A96 /* Release */ = {
			isa = XCBuildConfiguration;
			buildSettings = {
				ALWAYS_EMBED_SWIFT_STANDARD_LIBRARIES = YES;
				CODE_SIGN_STYLE = Automatic;
				CURRENT_PROJECT_VERSION = 1;
				GENERATE_INFOPLIST_FILE = YES;
				MARKETING_VERSION = 1.0;
				PRODUCT_BUNDLE_IDENTIFIER = memo.com.preworkUITests;
				PRODUCT_NAME = "$(TARGET_NAME)";
				SWIFT_EMIT_LOC_STRINGS = NO;
				SWIFT_VERSION = 5.0;
				TARGETED_DEVICE_FAMILY = "1,2";
				TEST_TARGET_NAME = prework;
			};
			name = Release;
		};
/* End XCBuildConfiguration section */

/* Begin XCConfigurationList section */
		752F5A8028B33B6D008F7A96 /* Build configuration list for PBXProject "prework" */ = {
			isa = XCConfigurationList;
			buildConfigurations = (
				752F5AAD28B33B6E008F7A96 /* Debug */,
				752F5AAE28B33B6E008F7A96 /* Release */,
			);
			defaultConfigurationIsVisible = 0;
			defaultConfigurationName = Release;
		};
		752F5AAF28B33B6E008F7A96 /* Build configuration list for PBXNativeTarget "prework" */ = {
			isa = XCConfigurationList;
			buildConfigurations = (
				752F5AB028B33B6E008F7A96 /* Debug */,
				752F5AB128B33B6E008F7A96 /* Release */,
			);
			defaultConfigurationIsVisible = 0;
			defaultConfigurationName = Release;
		};
		752F5AB228B33B6E008F7A96 /* Build configuration list for PBXNativeTarget "preworkTests" */ = {
			isa = XCConfigurationList;
			buildConfigurations = (
				752F5AB328B33B6E008F7A96 /* Debug */,
				752F5AB428B33B6E008F7A96 /* Release */,
			);
			defaultConfigurationIsVisible = 0;
			defaultConfigurationName = Release;
		};
		752F5AB528B33B6E008F7A96 /* Build configuration list for PBXNativeTarget "preworkUITests" */ = {
			isa = XCConfigurationList;
			buildConfigurations = (
				752F5AB628B33B6E008F7A96 /* Debug */,
				752F5AB728B33B6E008F7A96 /* Release */,
			);
			defaultConfigurationIsVisible = 0;
			defaultConfigurationName = Release;
		};
/* End XCConfigurationList section */
	};
	rootObject = 752F5A7D28B33B6D008F7A96 /* Project object */;
}
